{
    "_readme": [
        "This file locks the dependencies of your project to a known state",
        "Read more about it at https://getcomposer.org/doc/01-basic-usage.md#installing-dependencies",
        "This file is @generated automatically"
    ],
    "content-hash": "dda91730495549081d737ed523add9c7",
    "packages": [
        {
            "name": "evenement/evenement",
            "version": "v2.1.0",
            "source": {
                "type": "git",
                "url": "https://github.com/igorw/evenement.git",
                "reference": "6ba9a777870ab49f417e703229d53931ed40fd7a"
            },
            "dist": {
                "type": "zip",
                "url": "https://api.github.com/repos/igorw/evenement/zipball/6ba9a777870ab49f417e703229d53931ed40fd7a",
                "reference": "6ba9a777870ab49f417e703229d53931ed40fd7a",
                "shasum": ""
            },
            "require": {
                "php": ">=5.4.0"
            },
            "require-dev": {
                "phpunit/phpunit": "^6.0||^5.7||^4.8.35"
            },
            "type": "library",
            "extra": {
                "branch-alias": {
                    "dev-master": "2.0-dev"
                }
            },
            "autoload": {
                "psr-0": {
                    "Evenement": "src"
                }
            },
            "notification-url": "https://packagist.org/downloads/",
            "license": [
                "MIT"
            ],
            "authors": [
                {
                    "name": "Igor Wiedler",
                    "email": "igor@wiedler.ch"
                }
            ],
            "description": "Événement is a very simple event dispatching library for PHP",
            "keywords": [
                "event-dispatcher",
                "event-emitter"
            ],
            "time": "2017-07-17T17:39:19+00:00"
        },
        {
            "name": "guzzlehttp/psr7",
            "version": "1.8.5",
            "source": {
                "type": "git",
                "url": "https://github.com/guzzle/psr7.git",
                "reference": "337e3ad8e5716c15f9657bd214d16cc5e69df268"
            },
            "dist": {
                "type": "zip",
                "url": "https://api.github.com/repos/guzzle/psr7/zipball/337e3ad8e5716c15f9657bd214d16cc5e69df268",
                "reference": "337e3ad8e5716c15f9657bd214d16cc5e69df268",
                "shasum": ""
            },
            "require": {
                "php": ">=5.4.0",
                "psr/http-message": "~1.0",
                "ralouphie/getallheaders": "^2.0.5 || ^3.0.0"
            },
            "provide": {
                "psr/http-message-implementation": "1.0"
            },
            "require-dev": {
                "ext-zlib": "*",
                "phpunit/phpunit": "~4.8.36 || ^5.7.27 || ^6.5.14 || ^7.5.20 || ^8.5.8 || ^9.3.10"
            },
            "suggest": {
                "laminas/laminas-httphandlerrunner": "Emit PSR-7 responses"
            },
            "type": "library",
            "extra": {
                "branch-alias": {
                    "dev-master": "1.7-dev"
                }
            },
            "autoload": {
                "files": [
                    "src/functions_include.php"
                ],
                "psr-4": {
                    "GuzzleHttp\\Psr7\\": "src/"
                }
            },
            "notification-url": "https://packagist.org/downloads/",
            "license": [
                "MIT"
            ],
            "authors": [
                {
                    "name": "Graham Campbell",
                    "email": "hello@gjcampbell.co.uk",
                    "homepage": "https://github.com/GrahamCampbell"
                },
                {
                    "name": "Michael Dowling",
                    "email": "mtdowling@gmail.com",
                    "homepage": "https://github.com/mtdowling"
                },
                {
                    "name": "George Mponos",
                    "email": "gmponos@gmail.com",
                    "homepage": "https://github.com/gmponos"
                },
                {
                    "name": "Tobias Nyholm",
                    "email": "tobias.nyholm@gmail.com",
                    "homepage": "https://github.com/Nyholm"
                },
                {
                    "name": "Márk Sági-Kazár",
                    "email": "mark.sagikazar@gmail.com",
                    "homepage": "https://github.com/sagikazarmark"
                },
                {
                    "name": "Tobias Schultze",
                    "email": "webmaster@tubo-world.de",
                    "homepage": "https://github.com/Tobion"
                }
            ],
            "description": "PSR-7 message implementation that also provides common utility methods",
            "keywords": [
                "http",
                "message",
                "psr-7",
                "request",
                "response",
                "stream",
                "uri",
                "url"
            ],
            "support": {
                "issues": "https://github.com/guzzle/psr7/issues",
                "source": "https://github.com/guzzle/psr7/tree/1.8.5"
            },
            "funding": [
                {
                    "url": "https://github.com/GrahamCampbell",
                    "type": "github"
                },
                {
                    "url": "https://github.com/Nyholm",
                    "type": "github"
                },
                {
                    "url": "https://tidelift.com/funding/github/packagist/guzzlehttp/psr7",
                    "type": "tidelift"
                }
            ],
            "time": "2022-03-20T21:51:18+00:00"
        },
        {
            "name": "kaecyra/app-common",
            "version": "v1.1.6",
            "source": {
                "type": "git",
                "url": "https://github.com/kaecyra/app-common.git",
                "reference": "8dbcf70c575fb587614b45da8ec02d098e3e843b"
            },
            "dist": {
                "type": "zip",
                "url": "https://api.github.com/repos/kaecyra/app-common/zipball/8dbcf70c575fb587614b45da8ec02d098e3e843b",
                "reference": "8dbcf70c575fb587614b45da8ec02d098e3e843b",
                "shasum": ""
            },
            "require": {
                "php": ">=7.0",
                "psr/container": "^1.0",
                "psr/log": "~1.0"
            },
            "type": "library",
            "autoload": {
                "psr-4": {
                    "Kaecyra\\AppCommon\\": "src"
                },
                "files": [
                    "src/map/functions.general.php"
                ]
            },
            "notification-url": "https://packagist.org/downloads/",
            "license": [
                "MIT"
            ],
            "authors": [
                {
                    "name": "Tim Gunter",
                    "email": "tim@vanillaforums.com",
                    "homepage": "https://vanillaforums.com"
                }
            ],
            "description": "Common app base.",
            "homepage": "https://github.com/kaecyra/app-common",
            "keywords": [
                "app-common"
            ],
            "time": "2018-09-05T18:19:23+00:00"
        },
        {
            "name": "psr/container",
            "version": "1.0.0",
            "source": {
                "type": "git",
                "url": "https://github.com/php-fig/container.git",
                "reference": "b7ce3b176482dbbc1245ebf52b181af44c2cf55f"
            },
            "dist": {
                "type": "zip",
                "url": "https://api.github.com/repos/php-fig/container/zipball/b7ce3b176482dbbc1245ebf52b181af44c2cf55f",
                "reference": "b7ce3b176482dbbc1245ebf52b181af44c2cf55f",
                "shasum": ""
            },
            "require": {
                "php": ">=5.3.0"
            },
            "type": "library",
            "extra": {
                "branch-alias": {
                    "dev-master": "1.0.x-dev"
                }
            },
            "autoload": {
                "psr-4": {
                    "Psr\\Container\\": "src/"
                }
            },
            "notification-url": "https://packagist.org/downloads/",
            "license": [
                "MIT"
            ],
            "authors": [
                {
                    "name": "PHP-FIG",
                    "homepage": "http://www.php-fig.org/"
                }
            ],
            "description": "Common Container Interface (PHP FIG PSR-11)",
            "homepage": "https://github.com/php-fig/container",
            "keywords": [
                "PSR-11",
                "container",
                "container-interface",
                "container-interop",
                "psr"
            ],
            "time": "2017-02-14T16:28:37+00:00"
        },
        {
            "name": "psr/http-message",
            "version": "1.0.1",
            "source": {
                "type": "git",
                "url": "https://github.com/php-fig/http-message.git",
                "reference": "f6561bf28d520154e4b0ec72be95418abe6d9363"
            },
            "dist": {
                "type": "zip",
                "url": "https://api.github.com/repos/php-fig/http-message/zipball/f6561bf28d520154e4b0ec72be95418abe6d9363",
                "reference": "f6561bf28d520154e4b0ec72be95418abe6d9363",
                "shasum": ""
            },
            "require": {
                "php": ">=5.3.0"
            },
            "type": "library",
            "extra": {
                "branch-alias": {
                    "dev-master": "1.0.x-dev"
                }
            },
            "autoload": {
                "psr-4": {
                    "Psr\\Http\\Message\\": "src/"
                }
            },
            "notification-url": "https://packagist.org/downloads/",
            "license": [
                "MIT"
            ],
            "authors": [
                {
                    "name": "PHP-FIG",
                    "homepage": "http://www.php-fig.org/"
                }
            ],
            "description": "Common interface for HTTP messages",
            "homepage": "https://github.com/php-fig/http-message",
            "keywords": [
                "http",
                "http-message",
                "psr",
                "psr-7",
                "request",
                "response"
            ],
            "support": {
                "source": "https://github.com/php-fig/http-message/tree/master"
            },
            "time": "2016-08-06T14:39:51+00:00"
        },
        {
            "name": "psr/log",
            "version": "1.1.0",
            "source": {
                "type": "git",
                "url": "https://github.com/php-fig/log.git",
                "reference": "6c001f1daafa3a3ac1d8ff69ee4db8e799a654dd"
            },
            "dist": {
                "type": "zip",
                "url": "https://api.github.com/repos/php-fig/log/zipball/6c001f1daafa3a3ac1d8ff69ee4db8e799a654dd",
                "reference": "6c001f1daafa3a3ac1d8ff69ee4db8e799a654dd",
                "shasum": ""
            },
            "require": {
                "php": ">=5.3.0"
            },
            "type": "library",
            "extra": {
                "branch-alias": {
                    "dev-master": "1.0.x-dev"
                }
            },
            "autoload": {
                "psr-4": {
                    "Psr\\Log\\": "Psr/Log/"
                }
            },
            "notification-url": "https://packagist.org/downloads/",
            "license": [
                "MIT"
            ],
            "authors": [
                {
                    "name": "PHP-FIG",
                    "homepage": "http://www.php-fig.org/"
                }
            ],
            "description": "Common interface for logging libraries",
            "homepage": "https://github.com/php-fig/log",
            "keywords": [
                "log",
                "psr",
                "psr-3"
            ],
            "time": "2018-11-20T15:27:04+00:00"
        },
        {
            "name": "ralouphie/getallheaders",
            "version": "3.0.3",
            "source": {
                "type": "git",
                "url": "https://github.com/ralouphie/getallheaders.git",
                "reference": "120b605dfeb996808c31b6477290a714d356e822"
            },
            "dist": {
                "type": "zip",
                "url": "https://api.github.com/repos/ralouphie/getallheaders/zipball/120b605dfeb996808c31b6477290a714d356e822",
                "reference": "120b605dfeb996808c31b6477290a714d356e822",
                "shasum": ""
            },
            "require": {
                "php": ">=5.6"
            },
            "require-dev": {
                "php-coveralls/php-coveralls": "^2.1",
                "phpunit/phpunit": "^5 || ^6.5"
            },
            "type": "library",
            "autoload": {
                "files": [
                    "src/getallheaders.php"
                ]
            },
            "notification-url": "https://packagist.org/downloads/",
            "license": [
                "MIT"
            ],
            "authors": [
                {
                    "name": "Ralph Khattar",
                    "email": "ralph.khattar@gmail.com"
                }
            ],
            "description": "A polyfill for getallheaders.",
            "support": {
                "issues": "https://github.com/ralouphie/getallheaders/issues",
                "source": "https://github.com/ralouphie/getallheaders/tree/develop"
            },
            "time": "2019-03-08T08:55:37+00:00"
        },
        {
            "name": "ratchet/pawl",
            "version": "v0.2.3",
            "source": {
                "type": "git",
                "url": "https://github.com/ratchetphp/Pawl.git",
                "reference": "55256f590ab457fc9da57aa3f88e2edb5a2386c1"
            },
            "dist": {
                "type": "zip",
                "url": "https://api.github.com/repos/ratchetphp/Pawl/zipball/55256f590ab457fc9da57aa3f88e2edb5a2386c1",
                "reference": "55256f590ab457fc9da57aa3f88e2edb5a2386c1",
                "shasum": ""
            },
            "require": {
                "php": ">=5.4",
                "ratchet/rfc6455": "^0.2.1",
                "react/socket-client": "^0.5"
            },
            "suggest": {
                "reactivex/rxphp": "~1.1"
            },
            "type": "library",
            "autoload": {
                "psr-4": {
                    "Ratchet\\Client\\": "src"
                },
                "files": [
                    "src/functions_include.php"
                ]
            },
            "notification-url": "https://packagist.org/downloads/",
            "license": [
                "MIT"
            ],
            "description": "Asynchronous WebSocket client",
            "keywords": [
                "Ratchet",
                "async",
                "client",
                "websocket",
                "websocket client"
            ],
            "time": "2017-01-02T20:05:47+00:00"
        },
        {
            "name": "ratchet/rfc6455",
            "version": "v0.2.5",
            "source": {
                "type": "git",
                "url": "https://github.com/ratchetphp/RFC6455.git",
                "reference": "c62f7cd95ffbb6e94fd657be694fc7372ecd6e62"
            },
            "dist": {
                "type": "zip",
                "url": "https://api.github.com/repos/ratchetphp/RFC6455/zipball/c62f7cd95ffbb6e94fd657be694fc7372ecd6e62",
                "reference": "c62f7cd95ffbb6e94fd657be694fc7372ecd6e62",
                "shasum": ""
            },
            "require": {
                "guzzlehttp/psr7": "^1.0",
                "php": ">=5.4.2"
            },
            "require-dev": {
                "phpunit/phpunit": "4.8.*",
                "react/http": "^0.4.1",
                "react/socket-client": "^0.4.3"
            },
            "type": "library",
            "autoload": {
                "psr-4": {
                    "Ratchet\\RFC6455\\": "src"
                }
            },
            "notification-url": "https://packagist.org/downloads/",
            "license": [
                "MIT"
            ],
            "authors": [
                {
                    "name": "Chris Boden",
                    "email": "cboden@gmail.com",
                    "role": "Developer"
                }
            ],
            "description": "RFC6455 WebSocket protocol handler",
            "homepage": "http://socketo.me",
            "keywords": [
                "WebSockets",
                "rfc6455",
                "websocket"
            ],
            "time": "2019-03-10T17:10:42+00:00"
        },
        {
            "name": "react/cache",
            "version": "v1.0.0",
            "source": {
                "type": "git",
                "url": "https://github.com/reactphp/cache.git",
                "reference": "aa10d63a1b40a36a486bdf527f28bac607ee6466"
            },
            "dist": {
                "type": "zip",
                "url": "https://api.github.com/repos/reactphp/cache/zipball/aa10d63a1b40a36a486bdf527f28bac607ee6466",
                "reference": "aa10d63a1b40a36a486bdf527f28bac607ee6466",
                "shasum": ""
            },
            "require": {
                "php": ">=5.3.0",
                "react/promise": "~2.0|~1.1"
            },
            "require-dev": {
                "phpunit/phpunit": "^6.4 || ^5.7 || ^4.8.35"
            },
            "type": "library",
            "autoload": {
                "psr-4": {
                    "React\\Cache\\": "src/"
                }
            },
            "notification-url": "https://packagist.org/downloads/",
            "license": [
                "MIT"
            ],
            "description": "Async, Promise-based cache interface for ReactPHP",
            "keywords": [
                "cache",
                "caching",
                "promise",
                "reactphp"
            ],
            "time": "2019-07-11T13:45:28+00:00"
        },
        {
            "name": "react/dns",
            "version": "v0.4.19",
            "source": {
                "type": "git",
                "url": "https://github.com/reactphp/dns.git",
                "reference": "6852fb98e22d2e5bb35fe5aeeaa96551b120e7c9"
            },
            "dist": {
                "type": "zip",
                "url": "https://api.github.com/repos/reactphp/dns/zipball/6852fb98e22d2e5bb35fe5aeeaa96551b120e7c9",
                "reference": "6852fb98e22d2e5bb35fe5aeeaa96551b120e7c9",
                "shasum": ""
            },
            "require": {
                "php": ">=5.3.0",
                "react/cache": "^1.0 || ^0.6 || ^0.5",
                "react/event-loop": "^1.0 || ^0.5 || ^0.4 || ^0.3.5",
                "react/promise": "^2.1 || ^1.2.1",
                "react/promise-timer": "^1.2",
                "react/stream": "^1.0 || ^0.7 || ^0.6 || ^0.5 || ^0.4.5"
            },
            "require-dev": {
                "clue/block-react": "^1.2",
                "phpunit/phpunit": "^7.0 || ^6.4 || ^5.7 || ^4.8.35"
            },
            "type": "library",
            "autoload": {
                "psr-4": {
                    "React\\Dns\\": "src"
                }
            },
            "notification-url": "https://packagist.org/downloads/",
            "license": [
                "MIT"
            ],
            "description": "Async DNS resolver for ReactPHP",
            "keywords": [
                "async",
                "dns",
                "dns-resolver",
                "reactphp"
            ],
            "time": "2019-07-10T21:00:53+00:00"
        },
        {
            "name": "react/event-loop",
            "version": "v0.4.3",
            "source": {
                "type": "git",
                "url": "https://github.com/reactphp/event-loop.git",
                "reference": "8bde03488ee897dc6bb3d91e4e17c353f9c5252f"
            },
            "dist": {
                "type": "zip",
                "url": "https://api.github.com/repos/reactphp/event-loop/zipball/8bde03488ee897dc6bb3d91e4e17c353f9c5252f",
                "reference": "8bde03488ee897dc6bb3d91e4e17c353f9c5252f",
                "shasum": ""
            },
            "require": {
                "php": ">=5.4.0"
            },
            "require-dev": {
                "phpunit/phpunit": "~4.8"
            },
            "suggest": {
                "ext-event": "~1.0",
                "ext-libev": "*",
                "ext-libevent": ">=0.1.0"
            },
            "type": "library",
            "autoload": {
                "psr-4": {
                    "React\\EventLoop\\": "src"
                }
            },
            "notification-url": "https://packagist.org/downloads/",
            "license": [
                "MIT"
            ],
            "description": "Event loop abstraction layer that libraries can use for evented I/O.",
            "keywords": [
                "asynchronous",
                "event-loop"
            ],
            "time": "2017-04-27T10:56:23+00:00"
        },
        {
            "name": "react/promise",
            "version": "v2.7.1",
            "source": {
                "type": "git",
                "url": "https://github.com/reactphp/promise.git",
                "reference": "31ffa96f8d2ed0341a57848cbb84d88b89dd664d"
            },
            "dist": {
                "type": "zip",
                "url": "https://api.github.com/repos/reactphp/promise/zipball/31ffa96f8d2ed0341a57848cbb84d88b89dd664d",
                "reference": "31ffa96f8d2ed0341a57848cbb84d88b89dd664d",
                "shasum": ""
            },
            "require": {
                "php": ">=5.4.0"
            },
            "require-dev": {
                "phpunit/phpunit": "~4.8"
            },
            "type": "library",
            "autoload": {
                "psr-4": {
                    "React\\Promise\\": "src/"
                },
                "files": [
                    "src/functions_include.php"
                ]
            },
            "notification-url": "https://packagist.org/downloads/",
            "license": [
                "MIT"
            ],
            "authors": [
                {
                    "name": "Jan Sorgalla",
                    "email": "jsorgalla@gmail.com"
                }
            ],
            "description": "A lightweight implementation of CommonJS Promises/A for PHP",
            "keywords": [
                "promise",
                "promises"
            ],
            "time": "2019-01-07T21:25:54+00:00"
        },
        {
            "name": "react/promise-timer",
            "version": "v1.5.1",
            "source": {
                "type": "git",
                "url": "https://github.com/reactphp/promise-timer.git",
                "reference": "35fb910604fd86b00023fc5cda477c8074ad0abc"
            },
            "dist": {
                "type": "zip",
                "url": "https://api.github.com/repos/reactphp/promise-timer/zipball/35fb910604fd86b00023fc5cda477c8074ad0abc",
                "reference": "35fb910604fd86b00023fc5cda477c8074ad0abc",
                "shasum": ""
            },
            "require": {
                "php": ">=5.3",
                "react/event-loop": "^1.0 || ^0.5 || ^0.4 || ^0.3.5",
                "react/promise": "^2.7.0 || ^1.2.1"
            },
            "require-dev": {
                "phpunit/phpunit": "^6.4 || ^5.7 || ^4.8.35"
            },
            "type": "library",
            "autoload": {
                "psr-4": {
                    "React\\Promise\\Timer\\": "src/"
                },
                "files": [
                    "src/functions_include.php"
                ]
            },
            "notification-url": "https://packagist.org/downloads/",
            "license": [
                "MIT"
            ],
            "authors": [
                {
                    "name": "Christian Lück",
                    "email": "christian@lueck.tv"
                }
            ],
            "description": "A trivial implementation of timeouts for Promises, built on top of ReactPHP.",
            "homepage": "https://github.com/reactphp/promise-timer",
            "keywords": [
                "async",
                "event-loop",
                "promise",
                "reactphp",
                "timeout",
                "timer"
            ],
            "time": "2019-03-27T18:10:32+00:00"
        },
        {
            "name": "react/socket-client",
            "version": "v0.5.3",
            "source": {
                "type": "git",
                "url": "https://github.com/reactphp/socket-client.git",
                "reference": "5570838d436f056695e9a5eaf01dd5f80386dd26"
            },
            "dist": {
                "type": "zip",
                "url": "https://api.github.com/repos/reactphp/socket-client/zipball/5570838d436f056695e9a5eaf01dd5f80386dd26",
                "reference": "5570838d436f056695e9a5eaf01dd5f80386dd26",
                "shasum": ""
            },
            "require": {
                "php": ">=5.3.0",
                "react/dns": "0.4.*|0.3.*",
                "react/event-loop": "0.4.*|0.3.*",
                "react/promise": "^2.1 || ^1.2",
                "react/promise-timer": "~1.0",
                "react/stream": "^0.4.5"
            },
            "require-dev": {
                "clue/block-react": "^1.1"
            },
            "type": "library",
            "autoload": {
                "psr-4": {
                    "React\\SocketClient\\": "src"
                }
            },
            "notification-url": "https://packagist.org/downloads/",
            "license": [
                "MIT"
            ],
            "description": "Async connector to open TCP/IP and SSL/TLS based connections.",
            "keywords": [
                "Socket"
            ],
            "abandoned": "react/socket",
            "time": "2016-12-24T11:19:15+00:00"
        },
        {
            "name": "react/stream",
            "version": "v0.4.6",
            "source": {
                "type": "git",
                "url": "https://github.com/reactphp/stream.git",
                "reference": "44dc7f51ea48624110136b535b9ba44fd7d0c1ee"
            },
            "dist": {
                "type": "zip",
                "url": "https://api.github.com/repos/reactphp/stream/zipball/44dc7f51ea48624110136b535b9ba44fd7d0c1ee",
                "reference": "44dc7f51ea48624110136b535b9ba44fd7d0c1ee",
                "shasum": ""
            },
            "require": {
                "evenement/evenement": "^2.0|^1.0",
                "php": ">=5.3.8"
            },
            "require-dev": {
                "clue/stream-filter": "~1.2",
                "react/event-loop": "^0.4|^0.3",
                "react/promise": "^2.0|^1.0"
            },
            "suggest": {
                "react/event-loop": "^0.4",
                "react/promise": "^2.0"
            },
            "type": "library",
            "autoload": {
                "psr-4": {
                    "React\\Stream\\": "src"
                }
            },
            "notification-url": "https://packagist.org/downloads/",
            "license": [
                "MIT"
            ],
            "description": "Basic readable and writable stream interfaces that support piping.",
            "keywords": [
                "pipe",
                "stream"
            ],
            "time": "2017-01-25T14:44:14+00:00"
        },
        {
            "name": "react/zmq",
            "version": "v0.3.0",
            "source": {
                "type": "git",
                "url": "https://github.com/reactphp/zmq.git",
                "reference": "2865e3b23000751ed443d3f108da2735abf80716"
            },
            "dist": {
                "type": "zip",
                "url": "https://api.github.com/repos/reactphp/zmq/zipball/2865e3b23000751ed443d3f108da2735abf80716",
                "reference": "2865e3b23000751ed443d3f108da2735abf80716",
                "shasum": ""
            },
            "require": {
                "evenement/evenement": "~2.0",
                "ext-zmq": "*",
                "php": ">=5.4.0",
                "react/event-loop": "0.4.*"
            },
            "require-dev": {
                "ext-pcntl": "*"
            },
            "type": "library",
            "extra": {
                "branch-alias": {
                    "dev-master": "0.4-dev"
                }
            },
            "autoload": {
                "psr-0": {
                    "React\\ZMQ": "src"
                }
            },
            "notification-url": "https://packagist.org/downloads/",
            "license": [
                "MIT"
            ],
            "description": "ZeroMQ bindings for React.",
            "keywords": [
                "zeromq",
                "zmq"
            ],
            "time": "2014-05-25T17:54:51+00:00"
        },
        {
            "name": "vanilla/garden-cli",
            "version": "v1.6.3",
            "source": {
                "type": "git",
                "url": "https://github.com/vanilla/garden-cli.git",
                "reference": "8d150135624e207750cf45be107c3b4ef820faf4"
            },
            "dist": {
                "type": "zip",
                "url": "https://api.github.com/repos/vanilla/garden-cli/zipball/8d150135624e207750cf45be107c3b4ef820faf4",
                "reference": "8d150135624e207750cf45be107c3b4ef820faf4",
                "shasum": ""
            },
            "require": {
                "php": ">=5.6.0"
            },
            "type": "library",
            "autoload": {
                "psr-4": {
                    "Garden\\Cli\\": "src"
                }
            },
            "notification-url": "https://packagist.org/downloads/",
            "license": [
                "MIT"
            ],
            "authors": [
                {
                    "name": "Todd Burry",
                    "email": "todd@vanillaforums.com"
                }
            ],
            "description": "A full-featured, yet ridiculously simple commandline parser for your next php cli script. Stop fighting with getopt().",
            "time": "2017-11-30T16:08:28+00:00"
        },
        {
            "name": "vanilla/garden-container",
            "version": "v2.0.2",
            "source": {
                "type": "git",
                "url": "https://github.com/vanilla/garden-container.git",
                "reference": "25f213022d41292c69425573c9bac98d9deb703e"
            },
            "dist": {
                "type": "zip",
                "url": "https://api.github.com/repos/vanilla/garden-container/zipball/25f213022d41292c69425573c9bac98d9deb703e",
                "reference": "25f213022d41292c69425573c9bac98d9deb703e",
                "shasum": ""
            },
            "require": {
                "php": ">=5.6.0",
                "psr/container": "^1.0"
            },
            "type": "library",
            "autoload": {
                "psr-4": {
                    "Garden\\Container\\": "src"
                }
            },
            "notification-url": "https://packagist.org/downloads/",
            "license": [
                "MIT"
            ],
            "authors": [
                {
                    "name": "Todd Burry",
                    "email": "todd@vanillaforums.com"
                }
            ],
            "description": "A dependency injection container.",
            "time": "2018-08-13T20:13:16+00:00"
        },
        {
            "name": "vanilla/garden-daemon",
            "version": "v1.1.9",
            "source": {
                "type": "git",
                "url": "https://github.com/vanilla/garden-daemon.git",
                "reference": "808061248712df0ffa52f8241eb0f2f37ddee2d9"
            },
            "dist": {
                "type": "zip",
                "url": "https://api.github.com/repos/vanilla/garden-daemon/zipball/808061248712df0ffa52f8241eb0f2f37ddee2d9",
                "reference": "808061248712df0ffa52f8241eb0f2f37ddee2d9",
                "shasum": ""
            },
            "require": {
                "php": ">=7.0",
                "psr/container": "^1.0",
                "psr/log": "~1.0",
                "vanilla/garden-cli": "^1.6"
            },
            "type": "library",
            "autoload": {
                "psr-4": {
                    "Garden\\Daemon\\": "src"
                }
            },
            "notification-url": "https://packagist.org/downloads/",
            "license": [
                "MIT"
            ],
            "authors": [
                {
                    "name": "Tim Gunter",
                    "email": "tim@vanillaforums.com"
                }
            ],
            "description": "A multi purpose forking daemon subsystem for long running PHP applications.",
            "time": "2018-01-30T18:53:19+00:00"
        },
        {
            "name": "vanilla/garden-http",
            "version": "v1.1.4",
            "source": {
                "type": "git",
                "url": "https://github.com/vanilla/garden-http.git",
                "reference": "020b7b117ef99decef062be0978fb8d292c3e06c"
            },
            "dist": {
                "type": "zip",
                "url": "https://api.github.com/repos/vanilla/garden-http/zipball/020b7b117ef99decef062be0978fb8d292c3e06c",
                "reference": "020b7b117ef99decef062be0978fb8d292c3e06c",
                "shasum": ""
            },
            "require": {
                "lib-curl": "*",
                "php": ">=5.4.0"
            },
            "require-dev": {
                "vanilla/garden": "dev-master"
            },
            "type": "library",
            "autoload": {
                "psr-4": {
                    "Garden\\Http\\": "src"
                }
            },
            "notification-url": "https://packagist.org/downloads/",
            "license": [
                "MIT"
            ],
            "authors": [
                {
                    "name": "Todd Burry",
                    "email": "todd@vanillaforums.com"
                }
            ],
            "description": "An unbloated HTTP client library for building RESTful API clients.",
            "time": "2019-06-03T21:18:24+00:00"
        },
        {
            "name": "vanilla/garden-schema",
            "version": "v1.10.1",
            "source": {
                "type": "git",
                "url": "https://github.com/vanilla/garden-schema.git",
                "reference": "41376725dde90e8a83aeb3ade1d70851265166dc"
            },
            "dist": {
                "type": "zip",
                "url": "https://api.github.com/repos/vanilla/garden-schema/zipball/41376725dde90e8a83aeb3ade1d70851265166dc",
                "reference": "41376725dde90e8a83aeb3ade1d70851265166dc",
                "shasum": ""
            },
            "require": {
                "php": ">=5.6.0"
            },
            "require-dev": {
                "phpunit/phpunit": "^6"
            },
            "type": "library",
            "autoload": {
                "psr-4": {
                    "Garden\\Schema\\": "src"
                }
            },
            "notification-url": "https://packagist.org/downloads/",
            "license": [
                "MIT"
            ],
            "authors": [
                {
                    "name": "Todd Burry",
                    "email": "todd@vanillaforums.com"
                }
            ],
            "description": "A simple data validation and cleaning library based on JSON Schema.",
            "time": "2019-03-14T22:30:40+00:00"
        }
    ],
    "packages-dev": [],
    "aliases": [],
    "minimum-stability": "beta",
    "stability-flags": [],
    "prefer-stable": false,
    "prefer-lowest": false,
    "platform": {
        "php": ">=7.3"
    },
    "platform-dev": [],
    "plugin-api-version": "2.2.0"
}
